// !$*UTF8*$!
{
	archiveVersion = 1;
	classes = {
	};
	objectVersion = 46;
	objects = {

/* Begin PBXBuildFile section */
		676B1D821E7F2FA3009ED7CA /* AppDelegate.swift in Sources */ = {isa = PBXBuildFile; fileRef = 676B1D811E7F2FA3009ED7CA /* AppDelegate.swift */; };
		676B1D841E7F2FA3009ED7CA /* ViewController.swift in Sources */ = {isa = PBXBuildFile; fileRef = 676B1D831E7F2FA3009ED7CA /* ViewController.swift */; };
		676B1D871E7F2FA3009ED7CA /* Main.storyboard in Resources */ = {isa = PBXBuildFile; fileRef = 676B1D851E7F2FA3009ED7CA /* Main.storyboard */; };
		676B1D8A1E7F2FA3009ED7CA /* tarjetas.xcdatamodeld in Sources */ = {isa = PBXBuildFile; fileRef = 676B1D881E7F2FA3009ED7CA /* tarjetas.xcdatamodeld */; };
		676B1D8C1E7F2FA3009ED7CA /* Assets.xcassets in Resources */ = {isa = PBXBuildFile; fileRef = 676B1D8B1E7F2FA3009ED7CA /* Assets.xcassets */; };
		676B1D8F1E7F2FA3009ED7CA /* LaunchScreen.storyboard in Resources */ = {isa = PBXBuildFile; fileRef = 676B1D8D1E7F2FA3009ED7CA /* LaunchScreen.storyboard */; };
		676B1D9A1E7F30BD009ED7CA /* Card.swift in Sources */ = {isa = PBXBuildFile; fileRef = 676B1D991E7F30BD009ED7CA /* Card.swift */; };
		676B1D9D1E7F30D6009ED7CA /* Category.swift in Sources */ = {isa = PBXBuildFile; fileRef = 676B1D9C1E7F30D6009ED7CA /* Category.swift */; };
		676B1D9F1E7F3101009ED7CA /* CardCollectionViewCell.swift in Sources */ = {isa = PBXBuildFile; fileRef = 676B1D9E1E7F3101009ED7CA /* CardCollectionViewCell.swift */; };
		676B1DA11E7F311D009ED7CA /* CategoryCollectionViewCell.swift in Sources */ = {isa = PBXBuildFile; fileRef = 676B1DA01E7F311D009ED7CA /* CategoryCollectionViewCell.swift */; };
		676B1DA31E800215009ED7CA /* CategoryCollectionViewController.swift in Sources */ = {isa = PBXBuildFile; fileRef = 676B1DA21E800215009ED7CA /* CategoryCollectionViewController.swift */; };
		676B1DA51E80022A009ED7CA /* CardsCollectionViewController.swift in Sources */ = {isa = PBXBuildFile; fileRef = 676B1DA41E80022A009ED7CA /* CardsCollectionViewController.swift */; };
		676B1DA71E800242009ED7CA /* CardDetailCollectionViewController.swift in Sources */ = {isa = PBXBuildFile; fileRef = 676B1DA61E800242009ED7CA /* CardDetailCollectionViewController.swift */; };
/* End PBXBuildFile section */

/* Begin PBXFileReference section */
		676B1D7E1E7F2FA3009ED7CA /* tarjetas.app */ = {isa = PBXFileReference; explicitFileType = wrapper.application; includeInIndex = 0; path = tarjetas.app; sourceTree = BUILT_PRODUCTS_DIR; };
		676B1D811E7F2FA3009ED7CA /* AppDelegate.swift */ = {isa = PBXFileReference; lastKnownFileType = sourcecode.swift; path = AppDelegate.swift; sourceTree = "<group>"; };
		676B1D831E7F2FA3009ED7CA /* ViewController.swift */ = {isa = PBXFileReference; lastKnownFileType = sourcecode.swift; path = ViewController.swift; sourceTree = "<group>"; };
		676B1D861E7F2FA3009ED7CA /* Base */ = {isa = PBXFileReference; lastKnownFileType = file.storyboard; name = Base; path = Base.lproj/Main.storyboard; sourceTree = "<group>"; };
		676B1D891E7F2FA3009ED7CA /* tarjetas.xcdatamodel */ = {isa = PBXFileReference; lastKnownFileType = wrapper.xcdatamodel; path = tarjetas.xcdatamodel; sourceTree = "<group>"; };
		676B1D8B1E7F2FA3009ED7CA /* Assets.xcassets */ = {isa = PBXFileReference; lastKnownFileType = folder.assetcatalog; path = Assets.xcassets; sourceTree = "<group>"; };
		676B1D8E1E7F2FA3009ED7CA /* Base */ = {isa = PBXFileReference; lastKnownFileType = file.storyboard; name = Base; path = Base.lproj/LaunchScreen.storyboard; sourceTree = "<group>"; };
		676B1D901E7F2FA3009ED7CA /* Info.plist */ = {isa = PBXFileReference; lastKnownFileType = text.plist.xml; path = Info.plist; sourceTree = "<group>"; };
		676B1D991E7F30BD009ED7CA /* Card.swift */ = {isa = PBXFileReference; fileEncoding = 4; lastKnownFileType = sourcecode.swift; path = Card.swift; sourceTree = "<group>"; };
		676B1D9C1E7F30D6009ED7CA /* Category.swift */ = {isa = PBXFileReference; fileEncoding = 4; lastKnownFileType = sourcecode.swift; path = Category.swift; sourceTree = "<group>"; };
		676B1D9E1E7F3101009ED7CA /* CardCollectionViewCell.swift */ = {isa = PBXFileReference; fileEncoding = 4; lastKnownFileType = sourcecode.swift; path = CardCollectionViewCell.swift; sourceTree = "<group>"; };
		676B1DA01E7F311D009ED7CA /* CategoryCollectionViewCell.swift */ = {isa = PBXFileReference; fileEncoding = 4; lastKnownFileType = sourcecode.swift; path = CategoryCollectionViewCell.swift; sourceTree = "<group>"; };
		676B1DA21E800215009ED7CA /* CategoryCollectionViewController.swift */ = {isa = PBXFileReference; fileEncoding = 4; lastKnownFileType = sourcecode.swift; path = CategoryCollectionViewController.swift; sourceTree = "<group>"; };
		676B1DA41E80022A009ED7CA /* CardsCollectionViewController.swift */ = {isa = PBXFileReference; fileEncoding = 4; lastKnownFileType = sourcecode.swift; path = CardsCollectionViewController.swift; sourceTree = "<group>"; };
		676B1DA61E800242009ED7CA /* CardDetailCollectionViewController.swift */ = {isa = PBXFileReference; fileEncoding = 4; lastKnownFileType = sourcecode.swift; path = CardDetailCollectionViewController.swift; sourceTree = "<group>"; };
/* End PBXFileReference section */

/* Begin PBXFrameworksBuildPhase section */
		676B1D7B1E7F2FA3009ED7CA /* Frameworks */ = {
			isa = PBXFrameworksBuildPhase;
			buildActionMask = 2147483647;
			files = (
			);
			runOnlyForDeploymentPostprocessing = 0;
		};
/* End PBXFrameworksBuildPhase section */

/* Begin PBXGroup section */
		676B1D751E7F2FA2009ED7CA = {
			isa = PBXGroup;
			children = (
				676B1D801E7F2FA3009ED7CA /* tarjetas */,
				676B1D7F1E7F2FA3009ED7CA /* Products */,
			);
			sourceTree = "<group>";
		};
		676B1D7F1E7F2FA3009ED7CA /* Products */ = {
			isa = PBXGroup;
			children = (
				676B1D7E1E7F2FA3009ED7CA /* tarjetas.app */,
			);
			name = Products;
			sourceTree = "<group>";
		};
		676B1D801E7F2FA3009ED7CA /* tarjetas */ = {
			isa = PBXGroup;
			children = (
				676B1D981E7F2FDB009ED7CA /* Models */,
				676B1D971E7F2FD6009ED7CA /* UI */,
				676B1D961E7F2FC6009ED7CA /* Controllers */,
				676B1D811E7F2FA3009ED7CA /* AppDelegate.swift */,
				676B1D831E7F2FA3009ED7CA /* ViewController.swift */,
				676B1D851E7F2FA3009ED7CA /* Main.storyboard */,
				676B1D8B1E7F2FA3009ED7CA /* Assets.xcassets */,
				676B1D8D1E7F2FA3009ED7CA /* LaunchScreen.storyboard */,
				676B1D901E7F2FA3009ED7CA /* Info.plist */,
				676B1D881E7F2FA3009ED7CA /* tarjetas.xcdatamodeld */,
			);
			path = tarjetas;
			sourceTree = "<group>";
		};
		676B1D961E7F2FC6009ED7CA /* Controllers */ = {
			isa = PBXGroup;
			children = (
				676B1DA21E800215009ED7CA /* CategoryCollectionViewController.swift */,
				676B1DA41E80022A009ED7CA /* CardsCollectionViewController.swift */,
				676B1DA61E800242009ED7CA /* CardDetailCollectionViewController.swift */,
			);
			name = Controllers;
			sourceTree = "<group>";
		};
		676B1D971E7F2FD6009ED7CA /* UI */ = {
			isa = PBXGroup;
			children = (
				676B1D9E1E7F3101009ED7CA /* CardCollectionViewCell.swift */,
				676B1DA01E7F311D009ED7CA /* CategoryCollectionViewCell.swift */,
			);
			name = UI;
			sourceTree = "<group>";
		};
		676B1D981E7F2FDB009ED7CA /* Models */ = {
			isa = PBXGroup;
			children = (
				676B1D991E7F30BD009ED7CA /* Card.swift */,
				676B1D9C1E7F30D6009ED7CA /* Category.swift */,
			);
			name = Models;
			sourceTree = "<group>";
		};
/* End PBXGroup section */

/* Begin PBXNativeTarget section */
		676B1D7D1E7F2FA3009ED7CA /* tarjetas */ = {
			isa = PBXNativeTarget;
			buildConfigurationList = 676B1D931E7F2FA3009ED7CA /* Build configuration list for PBXNativeTarget "tarjetas" */;
			buildPhases = (
				676B1D7A1E7F2FA3009ED7CA /* Sources */,
				676B1D7B1E7F2FA3009ED7CA /* Frameworks */,
				676B1D7C1E7F2FA3009ED7CA /* Resources */,
			);
			buildRules = (
			);
			dependencies = (
			);
			name = tarjetas;
			productName = tarjetas;
			productReference = 676B1D7E1E7F2FA3009ED7CA /* tarjetas.app */;
			productType = "com.apple.product-type.application";
		};
/* End PBXNativeTarget section */

/* Begin PBXProject section */
		676B1D761E7F2FA2009ED7CA /* Project object */ = {
			isa = PBXProject;
			attributes = {
				LastSwiftUpdateCheck = 0820;
				LastUpgradeCheck = 0820;
				ORGANIZATIONNAME = "Resource Ammirati";
				TargetAttributes = {
					676B1D7D1E7F2FA3009ED7CA = {
						CreatedOnToolsVersion = 8.2.1;
						DevelopmentTeam = GZTX4HXKE3;
						ProvisioningStyle = Automatic;
					};
				};
			};
			buildConfigurationList = 676B1D791E7F2FA2009ED7CA /* Build configuration list for PBXProject "tarjetas" */;
			compatibilityVersion = "Xcode 3.2";
			developmentRegion = English;
			hasScannedForEncodings = 0;
			knownRegions = (
				en,
				Base,
			);
			mainGroup = 676B1D751E7F2FA2009ED7CA;
			productRefGroup = 676B1D7F1E7F2FA3009ED7CA /* Products */;
			projectDirPath = "";
			projectRoot = "";
			targets = (
				676B1D7D1E7F2FA3009ED7CA /* tarjetas */,
			);
		};
/* End PBXProject section */

/* Begin PBXResourcesBuildPhase section */
		676B1D7C1E7F2FA3009ED7CA /* Resources */ = {
			isa = PBXResourcesBuildPhase;
			buildActionMask = 2147483647;
			files = (
				676B1D8F1E7F2FA3009ED7CA /* LaunchScreen.storyboard in Resources */,
				676B1D8C1E7F2FA3009ED7CA /* Assets.xcassets in Resources */,
				676B1D871E7F2FA3009ED7CA /* Main.storyboard in Resources */,
			);
			runOnlyForDeploymentPostprocessing = 0;
		};
/* End PBXResourcesBuildPhase section */

/* Begin PBXSourcesBuildPhase section */
		676B1D7A1E7F2FA3009ED7CA /* Sources */ = {
			isa = PBXSourcesBuildPhase;
			buildActionMask = 2147483647;
			files = (
				676B1D8A1E7F2FA3009ED7CA /* tarjetas.xcdatamodeld in Sources */,
				676B1D9D1E7F30D6009ED7CA /* Category.swift in Sources */,
				676B1DA31E800215009ED7CA /* CategoryCollectionViewController.swift in Sources */,
				676B1D841E7F2FA3009ED7CA /* ViewController.swift in Sources */,
				676B1D821E7F2FA3009ED7CA /* AppDelegate.swift in Sources */,
				676B1D9F1E7F3101009ED7CA /* CardCollectionViewCell.swift in Sources */,
				676B1DA11E7F311D009ED7CA /* CategoryCollectionViewCell.swift in Sources */,
				676B1DA51E80022A009ED7CA /* CardsCollectionViewController.swift in Sources */,
				676B1D9A1E7F30BD009ED7CA /* Card.swift in Sources */,
				676B1DA71E800242009ED7CA /* CardDetailCollectionViewController.swift in Sources */,
			);
			runOnlyForDeploymentPostprocessing = 0;
		};
/* End PBXSourcesBuildPhase section */

/* Begin PBXVariantGroup section */
		676B1D851E7F2FA3009ED7CA /* Main.storyboard */ = {
			isa = PBXVariantGroup;
			children = (
				676B1D861E7F2FA3009ED7CA /* Base */,
			);
			name = Main.storyboard;
			sourceTree = "<group>";
		};
		676B1D8D1E7F2FA3009ED7CA /* LaunchScreen.storyboard */ = {
			isa = PBXVariantGroup;
			children = (
				676B1D8E1E7F2FA3009ED7CA /* Base */,
			);
			name = LaunchScreen.storyboard;
			sourceTree = "<group>";
		};
/* End PBXVariantGroup section */

/* Begin XCBuildConfiguration section */
		676B1D911E7F2FA3009ED7CA /* Debug */ = {
			isa = XCBuildConfiguration;
			buildSettings = {
				ALWAYS_SEARCH_USER_PATHS = NO;
				CLANG_ANALYZER_NONNULL = YES;
				CLANG_CXX_LANGUAGE_STANDARD = "gnu++0x";
				CLANG_CXX_LIBRARY = "libc++";
				CLANG_ENABLE_MODULES = YES;
				CLANG_ENABLE_OBJC_ARC = YES;
				CLANG_WARN_BOOL_CONVERSION = YES;
				CLANG_WARN_CONSTANT_CONVERSION = YES;
				CLANG_WARN_DIRECT_OBJC_ISA_USAGE = YES_ERROR;
				CLANG_WARN_DOCUMENTATION_COMMENTS = YES;
				CLANG_WARN_EMPTY_BODY = YES;
				CLANG_WARN_ENUM_CONVERSION = YES;
				CLANG_WARN_INFINITE_RECURSION = YES;
				CLANG_WARN_INT_CONVERSION = YES;
				CLANG_WARN_OBJC_ROOT_CLASS = YES_ERROR;
				CLANG_WARN_SUSPICIOUS_MOVE = YES;
				CLANG_WARN_UNREACHABLE_CODE = YES;
				CLANG_WARN__DUPLICATE_METHOD_MATCH = YES;
				"CODE_SIGN_IDENTITY[sdk=iphoneos*]" = "iPhone Developer";
				COPY_PHASE_STRIP = NO;
				DEBUG_INFORMATION_FORMAT = dwarf;
				ENABLE_STRICT_OBJC_MSGSEND = YES;
				ENABLE_TESTABILITY = YES;
				GCC_C_LANGUAGE_STANDARD = gnu99;
				GCC_DYNAMIC_NO_PIC = NO;
				GCC_NO_COMMON_BLOCKS = YES;
				GCC_OPTIMIZATION_LEVEL = 0;
				GCC_PREPROCESSOR_DEFINITIONS = (
					"DEBUG=1",
					"$(inherited)",
				);
				GCC_WARN_64_TO_32_BIT_CONVERSION = YES;
				GCC_WARN_ABOUT_RETURN_TYPE = YES_ERROR;
				GCC_WARN_UNDECLARED_SELECTOR = YES;
				GCC_WARN_UNINITIALIZED_AUTOS = YES_AGGRESSIVE;
				GCC_WARN_UNUSED_FUNCTION = YES;
				GCC_WARN_UNUSED_VARIABLE = YES;
				IPHONEOS_DEPLOYMENT_TARGET = 10.2;
				MTL_ENABLE_DEBUG_INFO = YES;
				ONLY_ACTIVE_ARCH = YES;
				SDKROOT = iphoneos;
				SWIFT_ACTIVE_COMPILATION_CONDITIONS = DEBUG;
				SWIFT_OPTIMIZATION_LEVEL = "-Onone";
				TARGETED_DEVICE_FAMILY = 2;
			};
			name = Debug;
		};
		676B1D921E7F2FA3009ED7CA /* Release */ = {
			isa = XCBuildConfiguration;
			buildSettings = {
				ALWAYS_SEARCH_USER_PATHS = NO;
				CLANG_ANALYZER_NONNULL = YES;
				CLANG_CXX_LANGUAGE_STANDARD = "gnu++0x";
				CLANG_CXX_LIBRARY = "libc++";
				CLANG_ENABLE_MODULES = YES;
				CLANG_ENABLE_OBJC_ARC = YES;
				CLANG_WARN_BOOL_CONVERSION = YES;
				CLANG_WARN_CONSTANT_CONVERSION = YES;
				CLANG_WARN_DIRECT_OBJC_ISA_USAGE = YES_ERROR;
				CLANG_WARN_DOCUMENTATION_COMMENTS = YES;
				CLANG_WARN_EMPTY_BODY = YES;
				CLANG_WARN_ENUM_CONVERSION = YES;
				CLANG_WARN_INFINITE_RECURSION = YES;
				CLANG_WARN_INT_CONVERSION = YES;
				CLANG_WARN_OBJC_ROOT_CLASS = YES_ERROR;
				CLANG_WARN_SUSPICIOUS_MOVE = YES;
				CLANG_WARN_UNREACHABLE_CODE = YES;
				CLANG_WARN__DUPLICATE_METHOD_MATCH = YES;
				"CODE_SIGN_IDENTITY[sdk=iphoneos*]" = "iPhone Developer";
				COPY_PHASE_STRIP = NO;
				DEBUG_INFORMATION_FORMAT = "dwarf-with-dsym";
				ENABLE_NS_ASSERTIONS = NO;
				ENABLE_STRICT_OBJC_MSGSEND = YES;
				GCC_C_LANGUAGE_STANDARD = gnu99;
				GCC_NO_COMMON_BLOCKS = YES;
				GCC_WARN_64_TO_32_BIT_CONVERSION = YES;
				GCC_WARN_ABOUT_RETURN_TYPE = YES_ERROR;
				GCC_WARN_UNDECLARED_SELECTOR = YES;
				GCC_WARN_UNINITIALIZED_AUTOS = YES_AGGRESSIVE;
				GCC_WARN_UNUSED_FUNCTION = YES;
				GCC_WARN_UNUSED_VARIABLE = YES;
				IPHONEOS_DEPLOYMENT_TARGET = 10.2;
				MTL_ENABLE_DEBUG_INFO = NO;
				SDKROOT = iphoneos;
				SWIFT_OPTIMIZATION_LEVEL = "-Owholemodule";
				TARGETED_DEVICE_FAMILY = 2;
				VALIDATE_PRODUCT = YES;
			};
			name = Release;
		};
		676B1D941E7F2FA3009ED7CA /* Debug */ = {
			isa = XCBuildConfiguration;
			buildSettings = {
				ASSETCATALOG_COMPILER_APPICON_NAME = AppIcon;
				DEVELOPMENT_TEAM = GZTX4HXKE3;
				INFOPLIST_FILE = tarjetas/Info.plist;
				LD_RUNPATH_SEARCH_PATHS = "$(inherited) @executable_path/Frameworks";
				PRODUCT_BUNDLE_IDENTIFIER = com.resource.tarjetas;
				PRODUCT_NAME = "$(TARGET_NAME)";
				SWIFT_VERSION = 3.0;
			};
			name = Debug;
		};
		676B1D951E7F2FA3009ED7CA /* Release */ = {
			isa = XCBuildConfiguration;
			buildSettings = {
				ASSETCATALOG_COMPILER_APPICON_NAME = AppIcon;
				DEVELOPMENT_TEAM = GZTX4HXKE3;
				INFOPLIST_FILE = tarjetas/Info.plist;
				LD_RUNPATH_SEARCH_PATHS = "$(inherited) @executable_path/Frameworks";
				PRODUCT_BUNDLE_IDENTIFIER = com.resource.tarjetas;
				PRODUCT_NAME = "$(TARGET_NAME)";
				SWIFT_VERSION = 3.0;
			};
			name = Release;
		};
/* End XCBuildConfiguration section */

/* Begin XCConfigurationList section */
		676B1D791E7F2FA2009ED7CA /* Build configuration list for PBXProject "tarjetas" */ = {
			isa = XCConfigurationList;
			buildConfigurations = (
				676B1D911E7F2FA3009ED7CA /* Debug */,
				676B1D921E7F2FA3009ED7CA /* Release */,
			);
			defaultConfigurationIsVisible = 0;
			defaultConfigurationName = Release;
		};
		676B1D931E7F2FA3009ED7CA /* Build configuration list for PBXNativeTarget "tarjetas" */ = {
			isa = XCConfigurationList;
			buildConfigurations = (
				676B1D941E7F2FA3009ED7CA /* Debug */,
				676B1D951E7F2FA3009ED7CA /* Release */,
			);
			defaultConfigurationIsVisible = 0;
		};
/* End XCConfigurationList section */

/* Begin XCVersionGroup section */
		676B1D881E7F2FA3009ED7CA /* tarjetas.xcdatamodeld */ = {
			isa = XCVersionGroup;
			children = (
				676B1D891E7F2FA3009ED7CA /* tarjetas.xcdatamodel */,
			);
			currentVersion = 676B1D891E7F2FA3009ED7CA /* tarjetas.xcdatamodel */;
			path = tarjetas.xcdatamodeld;
			sourceTree = "<group>";
			versionGroupType = wrapper.xcdatamodel;
		};
/* End XCVersionGroup section */
	};
	rootObject = 676B1D761E7F2FA2009ED7CA /* Project object */;
}
